
Microsoft Visual Studio Solution File, Format Version 12.00
# Visual Studio 15
VisualStudioVersion = 15.0.28307.271
MinimumVisualStudioVersion = 10.0.40219.1
Project("{FAE04EC0-301F-11D3-BF4B-00C04F79EFBC}") = "GeometryTools", "GeometryTools\GeometryTools.csproj", "{B1802566-C9F5-49DF-9244-EB23411028D3}"
EndProject
Global
	GlobalSection(SolutionConfigurationPlatforms) = preSolution
		Debug|Any CPU = Debug|Any CPU
		Release|Any CPU = Release|Any CPU
	EndGlobalSection
	GlobalSection(ProjectConfigurationPlatforms) = postSolution
		{B1802566-C9F5-49DF-9244-EB23411028D3}.Debug|Any CPU.ActiveCfg = Debug|Any CPU
		{B1802566-C9F5-49DF-9244-EB23411028D3}.Debug|Any CPU.Build.0 = Debug|Any CPU
		{B1802566-C9F5-49DF-9244-EB23411028D3}.Release|Any CPU.ActiveCfg = Release|Any CPU
		{B1802566-C9F5-49DF-9244-EB23411028D3}.Release|Any CPU.Build.0 = Release|Any CPU
	EndGlobalSection
	GlobalSection(SolutionProperties) = preSolution
		HideSolutionNode = FALSE
	EndGlobalSection
	GlobalSection(ExtensibilityGlobals) = postSolution
		SolutionGuid = {BC926898-DD4C-4E79-A561-269C1D4DDD07}
	EndGlobalSection
EndGlobal
